{
  "name": "merge-conflict",
  "version": "10.0.0",
  "lockfileVersion": 3,
  "requires": true,
  "packages": {
    "": {
      "name": "merge-conflict",
      "version": "10.0.0",
      "license": "MIT",
      "dependencies": {
        "@vscode/extension-telemetry": "^1.5.2"
      },
      "devDependencies": {
        "@types/node": "26.x"
      },
      "engines": {
        "vscode": "^1.5.0"
      }
    },
    "node_modules/@microsoft/1ds-core-js": {
      "version": "4.4.3",
      "resolved": "https://registry.npmjs.org/@microsoft/1ds-core-js/-/1ds-core-js-4.4.3.tgz",
      "integrity": "sha512-lKMKpXh39c8fB47O6g3rFyVDUb+nweoJuxwZbnOLKkmE7+LrCVGbS+wpJ6Ylwqh2HeUeWoa2Sv/hg/TKcAxHJQ==",
      "license": "MIT",
      "dependencies": {
        "@microsoft/applicationinsights-core-js": "3.4.3",
        "@microsoft/applicationinsights-shims": "3.0.1",
        "@microsoft/dynamicproto-js": "^2.0.3",
        "@nevware21/ts-async": ">= 0.5.5 < 0.6.0",
        "@nevware21/ts-utils": ">= 0.14.0 < 2.x"
      }
    },
    "node_modules/@microsoft/1ds-post-js": {
      "version": "4.4.3",
      "resolved": "https://registry.npmjs.org/@microsoft/1ds-post-js/-/1ds-post-js-4.4.3.tgz",
      "integrity": "sha512-qKHEU9rtB60b0q2W48hYJZ0mj9u13EuECq3xOCM0GwVIqWuLMxzCAh1PsK4TUvCsINohf135Lrf3c0IXSw4R3w==",
      "license": "MIT",
      "dependencies": {
        "@microsoft/applicationinsights-core-js": "3.4.3",
        "@microsoft/applicationinsights-shims": "3.0.1",
        "@microsoft/dynamicproto-js": "^2.0.3",
        "@nevware21/ts-async": ">= 0.5.5 < 0.6.0",
        "@nevware21/ts-utils": ">= 0.14.0 < 2.x"
      }
    },
    "node_modules/@microsoft/applicationinsights-channel-js": {
      "version": "3.4.3",
      "resolved": "https://registry.npmjs.org/@microsoft/applicationinsights-channel-js/-/applicationinsights-channel-js-3.4.3.tgz",
      "integrity": "sha512-9EeGdGkpgmTH0UEAn9AwbSGfEAdPK1GQdZ1vmbsy+H4t01oFgW4drteykVvYUcXnNHNIjo4mI8hhN6taou5Ogg==",
      "license": "MIT",
      "dependencies": {
        "@microsoft/applicationinsights-core-js": "3.4.3",
        "@microsoft/applicationinsights-shims": "3.0.1",
        "@microsoft/dynamicproto-js": "^2.0.3",
        "@nevware21/ts-async": ">= 0.5.5 < 0.6.0",
        "@nevware21/ts-utils": ">= 0.14.0 < 2.x"
      },
      "peerDependencies": {
        "tslib": ">= 1.0.0"
      }
    },
    "node_modules/@microsoft/applicationinsights-common": {
      "version": "3.4.3",
      "resolved": "https://registry.npmjs.org/@microsoft/applicationinsights-common/-/applicationinsights-common-3.4.3.tgz",
      "integrity": "sha512-LQvALAoqGSBjOCHHeBTkOh/RCfs1WVtJt2w8v3rNz3jMTV+WaCkMI2ZIpOT4xtAvRD9ypUljpLwjx58/Jo5P6w==",
      "license": "MIT",
      "dependencies": {
        "@microsoft/applicationinsights-core-js": "3.4.3",
        "@microsoft/applicationinsights-shims": "3.0.1",
        "@microsoft/dynamicproto-js": "^2.0.3",
        "@nevware21/ts-utils": ">= 0.14.0 < 2.x"
      },
      "peerDependencies": {
        "tslib": ">= 1.0.0"
      }
    },
    "node_modules/@microsoft/applicationinsights-core-js": {
      "version": "3.4.3",
      "resolved": "https://registry.npmjs.org/@microsoft/applicationinsights-core-js/-/applicationinsights-core-js-3.4.3.tgz",
      "integrity": "sha512-A+wkMLodF4JJsLoEvovgF3jyhKhbh9FNzO97sM7KQkbWUzdK47z4V/NDIETgwbaxw1O1u8mnP2qnp/2Bj9A0Uw==",
      "license": "MIT",
      "dependencies": {
        "@microsoft/applicationinsights-shims": "3.0.1",
        "@microsoft/dynamicproto-js": "^2.0.3",
        "@nevware21/ts-async": ">= 0.5.5 < 0.6.0",
        "@nevware21/ts-utils": ">= 0.14.0 < 2.x"
      },
      "peerDependencies": {
        "tslib": ">= 1.0.0"
      }
    },
    "node_modules/@microsoft/applicationinsights-shims": {
      "version": "3.0.1",
      "resolved": "https://registry.npmjs.org/@microsoft/applicationinsights-shims/-/applicationinsights-shims-3.0.1.tgz",
      "integrity": "sha512-DKwboF47H1nb33rSUfjqI6ryX29v+2QWcTrRvcQDA32AZr5Ilkr7whOOSsD1aBzwqX0RJEIP1Z81jfE3NBm/Lg==",
      "license": "MIT",
      "dependencies": {
        "@nevware21/ts-utils": ">= 0.9.4 < 2.x"
      }
    },
    "node_modules/@microsoft/applicationinsights-web-basic": {
      "version": "3.4.3",
      "resolved": "https://registry.npmjs.org/@microsoft/applicationinsights-web-basic/-/applicationinsights-web-basic-3.4.3.tgz",
      "integrity": "sha512-MqWaMbdsXgMDT5+RxM5yaztHVBVVHW2wZnNo8bbM7yeS9YDEMxMtLtlT6wZYI+b1/nfuOA8t+0+gZAkfCtMShg==",
      "license": "MIT",
      "dependencies": {
        "@microsoft/applicationinsights-channel-js": "3.4.3",
        "@microsoft/applicationinsights-core-js": "3.4.3",
        "@microsoft/applicationinsights-shims": "3.0.1",
        "@microsoft/dynamicproto-js": "^2.0.3",
        "@nevware21/ts-async": ">= 0.5.5 < 0.6.0",
        "@nevware21/ts-utils": ">= 0.14.0 < 2.x"
      },
      "peerDependencies": {
        "tslib": ">= 1.0.0"
      }
    },
    "node_modules/@microsoft/dynamicproto-js": {
      "version": "2.0.5",
      "resolved": "https://registry.npmjs.org/@microsoft/dynamicproto-js/-/dynamicproto-js-2.0.5.tgz",
      "integrity": "sha512-V+Zr7PDKIEaItVwF/OyWQlKeugNRYg7KJJ+RhEIL2FMW6NlG8FN2l4XA9Z42hNtsjwJFlcUiF38pmM/AaXsF7g==",
      "license": "MIT",
      "dependencies": {
        "@nevware21/ts-utils": ">= 0.14.0 < 2.x"
      }
    },
    "node_modules/@nevware21/ts-async": {
      "version": "0.5.5",
      "resolved": "https://registry.npmjs.org/@nevware21/ts-async/-/ts-async-0.5.5.tgz",
      "integrity": "sha512-vwqaL05iJPjLeh5igPi8MeeAu10i+Aq7xko1fbo9F5Si6MnVN5505qaV7AhSdk5MCBJVT/UYMk3kgInNjDb4Ig==",
      "license": "MIT",
      "dependencies": {
        "@nevware21/ts-utils": ">= 0.12.2 < 2.x"
      }
    },
    "node_modules/@nevware21/ts-utils": {
      "version": "0.15.0",
      "resolved": "https://registry.npmjs.org/@nevware21/ts-utils/-/ts-utils-0.15.0.tgz",
      "integrity": "sha512-+bUMKIiKAgoW5uNEb5xxzBzdwdLS9SKRcOy8SxLE+KqSlIdUYV5O9nxJVq1RUYcO2DtL5DlrK1GbgcVEHv6GVA==",
      "funding": [
        {
          "type": "github",
          "url": "https://github.com/sponsors/nevware21"
        },
        {
          "type": "other",
          "url": "https://buymeacoffee.com/nevware21"
        }
      ],
      "license": "MIT"
    },
    "node_modules/@types/node": {
      "version": "26.1.1",
      "resolved": "https://registry.npmjs.org/@types/node/-/node-26.1.1.tgz",
      "integrity": "sha512-nxAkRSVkN1Y0JC1W8ky/fTfkGsMmcrRsbx+3XoZE+rMOX71kLYTV7fLXpqud1GpbpP5TuffXFqfX7fH2GgZREw==",
      "dev": true,
      "license": "MIT",
      "dependencies": {
        "undici-types": "~8.3.0"
      }
    },
    "node_modules/@vscode/extension-telemetry": {
      "version": "1.5.2",
      "resolved": "https://registry.npmjs.org/@vscode/extension-telemetry/-/extension-telemetry-1.5.2.tgz",
      "integrity": "sha512-fO4huHz5apb5RtddC8DuUeSbBqYQw1EiBaOOGngq57nGbsDgcvm0jAibTY/kigJyjY0fQ4Vx7owQcCJRUrkT4g==",
      "license": "MIT",
      "dependencies": {
        "@microsoft/1ds-core-js": "^4.4.1",
        "@microsoft/1ds-post-js": "^4.4.1",
        "@microsoft/applicationinsights-common": "^3.4.1",
        "@microsoft/applicationinsights-core-js": "^3.4.1",
        "@microsoft/applicationinsights-web-basic": "^3.4.1"
      },
      "engines": {
        "vscode": "^1.75.0"
      }
    },
    "node_modules/undici-types": {
      "version": "8.3.0",
      "resolved": "https://registry.npmjs.org/undici-types/-/undici-types-8.3.0.tgz",
      "integrity": "sha512-j375ScV60dom+YkPFIfTLcOiPxkN/buHz5GobjLhixFuANaNs3C9l4GmrWqejgXWJ7BbJcFYpTEUkS1Ge8bpZQ==",
      "dev": true,
      "license": "MIT"
    }
  }
}
