{
  "name": "code-oss-component-fixture-tests",
  "version": "0.1.0",
  "lockfileVersion": 3,
  "requires": true,
  "packages": {
    "": {
      "name": "code-oss-component-fixture-tests",
      "version": "0.1.0",
      "license": "MIT",
      "devDependencies": {
        "@playwright/test": "^1.62.1",
        "@types/node": "26.1.2",
        "typescript": "7.1.0-dev.20261008.1"
      }
    },
    "node_modules/@playwright/test": {
      "version": "1.64.0",
      "resolved": "https://registry.npmjs.org/@playwright/test/-/test-1.64.0.tgz",
      "integrity": "sha512-oTN9FNYuN6bqQMwiho6jJKLCG2/QOYCixGXuCjRmzOq23eODeukuY2XiAVoVpAECbuezMt1MHQjAiQxK8F+Y+g==",
      "dev": true,
      "license": "Apache-2.0",
      "dependencies": {
        "playwright": "1.64.0"
      },
      "bin": {
        "playwright": "cli.js"
      },
      "engines": {
        "node": ">=20"
      }
    },
    "node_modules/@types/node": {
      "version": "26.1.2",
      "resolved": "https://registry.npmjs.org/@types/node/-/node-26.1.2.tgz",
      "integrity": "sha512-Vu4a5UFA9rIIFJ7rB/Vaafh9lrCQszopTCx6KjFboXTGQbPNasehVR5TEiithSDGyd1DEiUByggTZsg8jukeIg==",
      "dev": true,
      "license": "MIT",
      "dependencies": {
        "undici-types": "~8.3.0"
      }
    },
    "node_modules/@typescript/typescript-darwin-arm64": {
      "version": "7.1.0-dev.20261008.1",
      "resolved": "https://registry.npmjs.org/@typescript/typescript-darwin-arm64/-/typescript-darwin-arm64-7.1.0-dev.20261008.1.tgz",
      "integrity": "sha512-kwcULzED0iril/I2+RyjiESxUnrjd1FrEgl8NMDx7cjLBzHTkpEGRq/Dx3MejLOTtBFMjMYQ6pS9e5tvGhENaw==",
      "cpu": [
        "arm64"
      ],
      "dev": true,
      "license": "Apache-2.0",
      "optional": true,
      "os": [
        "darwin"
      ],
      "engines": {
        "node": ">=16.20.0"
      }
    },
    "node_modules/@typescript/typescript-darwin-x64": {
      "version": "7.1.0-dev.20261008.1",
      "resolved": "https://registry.npmjs.org/@typescript/typescript-darwin-x64/-/typescript-darwin-x64-7.1.0-dev.20261008.1.tgz",
      "integrity": "sha512-FWy0++LUEY5LfxA9j/mtpj0hEa0z8OyRDATuozm3QsIbLq4s79OrIy4jnSKeQHWA3g63hHX79A9nzVhn0igpcA==",
      "cpu": [
        "x64"
      ],
      "dev": true,
      "license": "Apache-2.0",
      "optional": true,
      "os": [
        "darwin"
      ],
      "engines": {
        "node": ">=16.20.0"
      }
    },
    "node_modules/@typescript/typescript-linux-arm": {
      "version": "7.1.0-dev.20261008.1",
      "resolved": "https://registry.npmjs.org/@typescript/typescript-linux-arm/-/typescript-linux-arm-7.1.0-dev.20261008.1.tgz",
      "integrity": "sha512-ssZlwAQutnjtIajZ8yVIT3ZfoyRTmPOrRSJmTMM9kNKwzwo+/qLt/F13c1gZNPEOESdmi9HIVijf7aUf0b3YAw==",
      "cpu": [
        "arm"
      ],
      "dev": true,
      "license": "Apache-2.0",
      "optional": true,
      "os": [
        "linux"
      ],
      "engines": {
        "node": ">=16.20.0"
      }
    },
    "node_modules/@typescript/typescript-linux-arm64": {
      "version": "7.1.0-dev.20261008.1",
      "resolved": "https://registry.npmjs.org/@typescript/typescript-linux-arm64/-/typescript-linux-arm64-7.1.0-dev.20261008.1.tgz",
      "integrity": "sha512-UNcmGp8wDmwQ2LtZI241unHoIkFXFyHLgdAw6Th7OsWakhwl9vzV30YVF7vtGeOR46xW5gA7XC4DyVw4otsCgg==",
      "cpu": [
        "arm64"
      ],
      "dev": true,
      "license": "Apache-2.0",
      "optional": true,
      "os": [
        "linux"
      ],
      "engines": {
        "node": ">=16.20.0"
      }
    },
    "node_modules/@typescript/typescript-linux-x64": {
      "version": "7.1.0-dev.20261008.1",
      "resolved": "https://registry.npmjs.org/@typescript/typescript-linux-x64/-/typescript-linux-x64-7.1.0-dev.20261008.1.tgz",
      "integrity": "sha512-IrFrXv4xCm367mzjCBC7JMJ3mc+ShiG3VFS/RkUemjpYxKVamj6vVTiFuSmAqipM31wICk36zzf0Z5JRbk2HaQ==",
      "cpu": [
        "x64"
      ],
      "dev": true,
      "license": "Apache-2.0",
      "optional": true,
      "os": [
        "linux"
      ],
      "engines": {
        "node": ">=16.20.0"
      }
    },
    "node_modules/@typescript/typescript-win32-arm64": {
      "version": "7.1.0-dev.20261008.1",
      "resolved": "https://registry.npmjs.org/@typescript/typescript-win32-arm64/-/typescript-win32-arm64-7.1.0-dev.20261008.1.tgz",
      "integrity": "sha512-F/EbCJVItYPn0eODppLW2v7cb9tJB2ojiwFmPF+WQVmlUk8RbiZapcP/kfb3wgKEFEXYNwMSFRIPLhlAVlwteA==",
      "cpu": [
        "arm64"
      ],
      "dev": true,
      "license": "Apache-2.0",
      "optional": true,
      "os": [
        "win32"
      ],
      "engines": {
        "node": ">=16.20.0"
      }
    },
    "node_modules/@typescript/typescript-win32-x64": {
      "version": "7.1.0-dev.20261008.1",
      "resolved": "https://registry.npmjs.org/@typescript/typescript-win32-x64/-/typescript-win32-x64-7.1.0-dev.20261008.1.tgz",
      "integrity": "sha512-biCwDfpv/twCU1nMP0+0wGQGZ2vkJ3qupAoDYDf+H9ZxbuHMMYM3uKqmZyNz7XrMwqWG1TVWV0CIP+WOwRKkCw==",
      "cpu": [
        "x64"
      ],
      "dev": true,
      "license": "Apache-2.0",
      "optional": true,
      "os": [
        "win32"
      ],
      "engines": {
        "node": ">=16.20.0"
      }
    },
    "node_modules/playwright": {
      "version": "1.64.0",
      "resolved": "https://registry.npmjs.org/playwright/-/playwright-1.64.0.tgz",
      "integrity": "sha512-kVzTnYFYEyQ9RGzBjNCd2+yEqWmVbxl3AHPynv3qQ6JTjv4a+kwRcnqQwIpuP3NnrnIrE/Q6wWAIAvMfIE2/Yg==",
      "dev": true,
      "license": "Apache-2.0",
      "dependencies": {
        "playwright-core": "1.64.0"
      },
      "bin": {
        "playwright": "cli.js"
      },
      "engines": {
        "node": ">=20"
      }
    },
    "node_modules/playwright-core": {
      "version": "1.64.0",
      "resolved": "https://registry.npmjs.org/playwright-core/-/playwright-core-1.64.0.tgz",
      "integrity": "sha512-T9r+MZkTECl2+oUcZ26YgZzTrYidTsIhYYkJix+6iDOymOb1FB2RLLSOxRGnZGv5DStt+aduIVbt+E8WygXYpg==",
      "dev": true,
      "license": "Apache-2.0",
      "bin": {
        "playwright-core": "cli.js"
      },
      "engines": {
        "node": ">=20"
      }
    },
    "node_modules/typescript": {
      "version": "7.1.0-dev.20261008.1",
      "resolved": "https://registry.npmjs.org/typescript/-/typescript-7.1.0-dev.20261008.1.tgz",
      "integrity": "sha512-uLsmzahldysHoZtETvHwK+sxWMk6yufIIunCWho7l3EuWVzVc/K2wjkj2r2Tg3GJ+gj4WGrv8VcxHc4yujc1ng==",
      "dev": true,
      "license": "Apache-2.0",
      "bin": {
        "tsc": "bin/tsc"
      },
      "engines": {
        "node": ">=16.20.0"
      },
      "optionalDependencies": {
        "@typescript/typescript-darwin-arm64": "7.1.0-dev.20261008.1",
        "@typescript/typescript-darwin-x64": "7.1.0-dev.20261008.1",
        "@typescript/typescript-linux-arm": "7.1.0-dev.20261008.1",
        "@typescript/typescript-linux-arm64": "7.1.0-dev.20261008.1",
        "@typescript/typescript-linux-x64": "7.1.0-dev.20261008.1",
        "@typescript/typescript-win32-arm64": "7.1.0-dev.20261008.1",
        "@typescript/typescript-win32-x64": "7.1.0-dev.20261008.1"
      }
    },
    "node_modules/undici-types": {
      "version": "8.3.0",
      "resolved": "https://registry.npmjs.org/undici-types/-/undici-types-8.3.0.tgz",
      "integrity": "sha512-j375ScV60dom+YkPFIfTLcOiPxkN/buHz5GobjLhixFuANaNs3C9l4GmrWqejgXWJ7BbJcFYpTEUkS1Ge8bpZQ==",
      "dev": true,
      "license": "MIT"
    }
  }
}
